
Microsoft Visual Studio Solution File, Format Version 12.00
Project("{FAE04EC0-301F-11D3-BF4B-00C04F79EFBC}") = "PPDownload", "PPDownload\PPDownload.csproj", "{51AA6A5A-34B5-42A0-A16A-A8B4F9108A5F}"
EndProject
Project("{FAE04EC0-301F-11D3-BF4B-00C04F79EFBC}") = "PPDownload.Tests", "PPDownload.Tests\PPDownload.Tests.csproj", "{B02DF084-8E31-47F4-A0D0-D66EBA1A1664}"
EndProject
Project("{FAE04EC0-301F-11D3-BF4B-00C04F79EFBC}") = "PPDownload.GUI", "PPDownload.GUI\PPDownload.GUI.csproj", "{487485C2-9132-44E0-A2EF-2BE346AE91CA}"
EndProject
Global
	GlobalSection(SolutionConfigurationPlatforms) = preSolution
		Debug|Any CPU = Debug|Any CPU
		Release|Any CPU = Release|Any CPU
	EndGlobalSection
	GlobalSection(ProjectConfigurationPlatforms) = postSolution
		{51AA6A5A-34B5-42A0-A16A-A8B4F9108A5F}.Debug|Any CPU.ActiveCfg = Debug|Any CPU
		{51AA6A5A-34B5-42A0-A16A-A8B4F9108A5F}.Debug|Any CPU.Build.0 = Debug|Any CPU
		{51AA6A5A-34B5-42A0-A16A-A8B4F9108A5F}.Release|Any CPU.ActiveCfg = Release|Any CPU
		{51AA6A5A-34B5-42A0-A16A-A8B4F9108A5F}.Release|Any CPU.Build.0 = Release|Any CPU
		{B02DF084-8E31-47F4-A0D0-D66EBA1A1664}.Debug|Any CPU.ActiveCfg = Debug|Any CPU
		{B02DF084-8E31-47F4-A0D0-D66EBA1A1664}.Debug|Any CPU.Build.0 = Debug|Any CPU
		{B02DF084-8E31-47F4-A0D0-D66EBA1A1664}.Release|Any CPU.ActiveCfg = Release|Any CPU
		{B02DF084-8E31-47F4-A0D0-D66EBA1A1664}.Release|Any CPU.Build.0 = Release|Any CPU
		{487485C2-9132-44E0-A2EF-2BE346AE91CA}.Debug|Any CPU.ActiveCfg = Debug|Any CPU
		{487485C2-9132-44E0-A2EF-2BE346AE91CA}.Debug|Any CPU.Build.0 = Debug|Any CPU
		{487485C2-9132-44E0-A2EF-2BE346AE91CA}.Release|Any CPU.ActiveCfg = Release|Any CPU
		{487485C2-9132-44E0-A2EF-2BE346AE91CA}.Release|Any CPU.Build.0 = Release|Any CPU
	EndGlobalSection
EndGlobal
